// !$*UTF8*$!
{
	archiveVersion = 1;
	classes = {
	};
	objectVersion = 46;
	objects = {

/* Begin PBXBuildFile section */
		D70BCB4320164A9100BCD90B /* logo_main.png in Resources */ = {isa = PBXBuildFile; fileRef = D70BCB4220164A9100BCD90B /* logo_main.png */; };
		D70BCB4E2016E99100BCD90B /* G00AccountExtVC.swift in Sources */ = {isa = PBXBuildFile; fileRef = D70BCB482016E99100BCD90B /* G00AccountExtVC.swift */; };
		D70BCB4F2016E99100BCD90B /* G00AccountExtVC.xib in Resources */ = {isa = PBXBuildFile; fileRef = D70BCB492016E99100BCD90B /* G00AccountExtVC.xib */; };
		D70BCB542016EE7D00BCD90B /* ChangeProfileRequest.swift in Sources */ = {isa = PBXBuildFile; fileRef = D70BCB532016EE7D00BCD90B /* ChangeProfileRequest.swift */; };
		D70BCB562016EEA700BCD90B /* G00Const.swift in Sources */ = {isa = PBXBuildFile; fileRef = D70BCB552016EEA700BCD90B /* G00Const.swift */; };
		D70BCB5B2016EF1A00BCD90B /* G00AccountEditVC.swift in Sources */ = {isa = PBXBuildFile; fileRef = D70BCB572016EF1A00BCD90B /* G00AccountEditVC.swift */; };
		D70BCB5C2016EF1A00BCD90B /* G00AccountEditVC.xib in Resources */ = {isa = PBXBuildFile; fileRef = D70BCB582016EF1A00BCD90B /* G00AccountEditVC.xib */; };
		D70BCB5D2016EF1A00BCD90B /* G00AddressSelectVC.swift in Sources */ = {isa = PBXBuildFile; fileRef = D70BCB592016EF1A00BCD90B /* G00AddressSelectVC.swift */; };
		D70BCB5E2016EF1A00BCD90B /* G00AddressSelectVC.xib in Resources */ = {isa = PBXBuildFile; fileRef = D70BCB5A2016EF1A00BCD90B /* G00AddressSelectVC.xib */; };
		D78CD1632024B5BA00C70FAE /* G01F00S02VC.swift in Sources */ = {isa = PBXBuildFile; fileRef = D78CD1612024B5BA00C70FAE /* G01F00S02VC.swift */; };
		D78CD1642024B5BA00C70FAE /* G01F00S02VC.xib in Resources */ = {isa = PBXBuildFile; fileRef = D78CD1622024B5BA00C70FAE /* G01F00S02VC.xib */; };
		D78CD1662024B6B600C70FAE /* ConfigExtBean.swift in Sources */ = {isa = PBXBuildFile; fileRef = D78CD1652024B6B600C70FAE /* ConfigExtBean.swift */; };
		D78CD1682024C0A900C70FAE /* CustomerInfoRespBean.swift in Sources */ = {isa = PBXBuildFile; fileRef = D78CD1672024C0A900C70FAE /* CustomerInfoRespBean.swift */; };
		D78CD16A2024C45700C70FAE /* CustomerInfoRequest.swift in Sources */ = {isa = PBXBuildFile; fileRef = D78CD1692024C45700C70FAE /* CustomerInfoRequest.swift */; };
		D78CD16C2024CC8D00C70FAE /* TreatmentBean.swift in Sources */ = {isa = PBXBuildFile; fileRef = D78CD16B2024CC8D00C70FAE /* TreatmentBean.swift */; };
		D7C73AD220050787000B3CBC /* AppDelegate.swift in Sources */ = {isa = PBXBuildFile; fileRef = D7C73AD120050787000B3CBC /* AppDelegate.swift */; };
		D7C73AD420050787000B3CBC /* ViewController.swift in Sources */ = {isa = PBXBuildFile; fileRef = D7C73AD320050787000B3CBC /* ViewController.swift */; };
		D7C73AD720050787000B3CBC /* Main.storyboard in Resources */ = {isa = PBXBuildFile; fileRef = D7C73AD520050787000B3CBC /* Main.storyboard */; };
		D7C73AD920050787000B3CBC /* Assets.xcassets in Resources */ = {isa = PBXBuildFile; fileRef = D7C73AD820050787000B3CBC /* Assets.xcassets */; };
		D7C73ADC20050787000B3CBC /* LaunchScreen.storyboard in Resources */ = {isa = PBXBuildFile; fileRef = D7C73ADA20050787000B3CBC /* LaunchScreen.storyboard */; };
		D7C73AEC20051133000B3CBC /* harpyframework.framework in Frameworks */ = {isa = PBXBuildFile; fileRef = D7C73AE920051128000B3CBC /* harpyframework.framework */; };
		D7C73AED20051133000B3CBC /* harpyframework.framework in Embed Frameworks */ = {isa = PBXBuildFile; fileRef = D7C73AE920051128000B3CBC /* harpyframework.framework */; settings = {ATTRIBUTES = (CodeSignOnCopy, RemoveHeadersOnCopy, ); }; };
		D7C73AF320051253000B3CBC /* BaseParentViewController.swift in Sources */ = {isa = PBXBuildFile; fileRef = D7C73AF220051253000B3CBC /* BaseParentViewController.swift */; };
		D7C73AF92005131C000B3CBC /* G00HomeVC.swift in Sources */ = {isa = PBXBuildFile; fileRef = D7C73AF72005131C000B3CBC /* G00HomeVC.swift */; };
		D7C73AFA2005131C000B3CBC /* G00HomeVC.xib in Resources */ = {isa = PBXBuildFile; fileRef = D7C73AF82005131C000B3CBC /* G00HomeVC.xib */; };
		D7C73AFE200513F3000B3CBC /* MenuVC.swift in Sources */ = {isa = PBXBuildFile; fileRef = D7C73AFC200513F3000B3CBC /* MenuVC.swift */; };
		D7C73AFF200513F3000B3CBC /* MenuVC.xib in Resources */ = {isa = PBXBuildFile; fileRef = D7C73AFD200513F3000B3CBC /* MenuVC.xib */; };
		D7C73B0420052071000B3CBC /* G00LoginExtVC.swift in Sources */ = {isa = PBXBuildFile; fileRef = D7C73B0220052071000B3CBC /* G00LoginExtVC.swift */; };
		D7C73B0520052071000B3CBC /* G00LoginExtVC.xib in Resources */ = {isa = PBXBuildFile; fileRef = D7C73B0320052071000B3CBC /* G00LoginExtVC.xib */; };
		D7C73B0820052B7F000B3CBC /* LoginBean.swift in Sources */ = {isa = PBXBuildFile; fileRef = D7C73B0720052B7F000B3CBC /* LoginBean.swift */; };
		D7C73B0A20052C94000B3CBC /* LoginRespBean.swift in Sources */ = {isa = PBXBuildFile; fileRef = D7C73B0920052C94000B3CBC /* LoginRespBean.swift */; };
		D7FF1FBB2024224400C2DF28 /* G01F00S01VC.swift in Sources */ = {isa = PBXBuildFile; fileRef = D7FF1FB92024224400C2DF28 /* G01F00S01VC.swift */; };
		D7FF1FBC2024224400C2DF28 /* G01F00S01VC.xib in Resources */ = {isa = PBXBuildFile; fileRef = D7FF1FBA2024224400C2DF28 /* G01F00S01VC.xib */; };
		D7FF1FBF2024228F00C2DF28 /* CustomerListRespBean.swift in Sources */ = {isa = PBXBuildFile; fileRef = D7FF1FBE2024228F00C2DF28 /* CustomerListRespBean.swift */; };
		D7FF1FC12024230100C2DF28 /* CustomerListBean.swift in Sources */ = {isa = PBXBuildFile; fileRef = D7FF1FC02024230100C2DF28 /* CustomerListBean.swift */; };
		D7FF1FC52024245700C2DF28 /* CustomerBean.swift in Sources */ = {isa = PBXBuildFile; fileRef = D7FF1FC42024245700C2DF28 /* CustomerBean.swift */; };
		D7FF1FC8202426F600C2DF28 /* CustomerListRequest.swift in Sources */ = {isa = PBXBuildFile; fileRef = D7FF1FC7202426F600C2DF28 /* CustomerListRequest.swift */; };
		D7FF1FCA202427AC00C2DF28 /* G01Const.swift in Sources */ = {isa = PBXBuildFile; fileRef = D7FF1FC9202427AC00C2DF28 /* G01Const.swift */; };
/* End PBXBuildFile section */

/* Begin PBXContainerItemProxy section */
		D7C73AE820051128000B3CBC /* PBXContainerItemProxy */ = {
			isa = PBXContainerItemProxy;
			containerPortal = D7C73AE320051127000B3CBC /* harpyframework.xcodeproj */;
			proxyType = 2;
			remoteGlobalIDString = D7BE044D1E0584D900D37740;
			remoteInfo = harpyframework;
		};
		D7C73AEA20051128000B3CBC /* PBXContainerItemProxy */ = {
			isa = PBXContainerItemProxy;
			containerPortal = D7C73AE320051127000B3CBC /* harpyframework.xcodeproj */;
			proxyType = 2;
			remoteGlobalIDString = D7BE04561E0584DA00D37740;
			remoteInfo = harpyframeworkTests;
		};
		D7C73AEE20051133000B3CBC /* PBXContainerItemProxy */ = {
			isa = PBXContainerItemProxy;
			containerPortal = D7C73AE320051127000B3CBC /* harpyframework.xcodeproj */;
			proxyType = 1;
			remoteGlobalIDString = D7BE044C1E0584D900D37740;
			remoteInfo = harpyframework;
		};
/* End PBXContainerItemProxy section */

/* Begin PBXCopyFilesBuildPhase section */
		D7C73AF020051133000B3CBC /* Embed Frameworks */ = {
			isa = PBXCopyFilesBuildPhase;
			buildActionMask = 2147483647;
			dstPath = "";
			dstSubfolderSpec = 10;
			files = (
				D7C73AED20051133000B3CBC /* harpyframework.framework in Embed Frameworks */,
			);
			name = "Embed Frameworks";
			runOnlyForDeploymentPostprocessing = 0;
		};
/* End PBXCopyFilesBuildPhase section */

/* Begin PBXFileReference section */
		D70BCB4220164A9100BCD90B /* logo_main.png */ = {isa = PBXFileReference; lastKnownFileType = image.png; name = logo_main.png; path = Images/logo_main.png; sourceTree = "<group>"; };
		D70BCB482016E99100BCD90B /* G00AccountExtVC.swift */ = {isa = PBXFileReference; fileEncoding = 4; lastKnownFileType = sourcecode.swift; name = G00AccountExtVC.swift; path = G00/G00AccountExtVC.swift; sourceTree = "<group>"; };
		D70BCB492016E99100BCD90B /* G00AccountExtVC.xib */ = {isa = PBXFileReference; fileEncoding = 4; lastKnownFileType = file.xib; name = G00AccountExtVC.xib; path = G00/G00AccountExtVC.xib; sourceTree = "<group>"; };
		D70BCB532016EE7D00BCD90B /* ChangeProfileRequest.swift */ = {isa = PBXFileReference; fileEncoding = 4; lastKnownFileType = sourcecode.swift; name = ChangeProfileRequest.swift; path = G00/API/ChangeProfileRequest.swift; sourceTree = "<group>"; };
		D70BCB552016EEA700BCD90B /* G00Const.swift */ = {isa = PBXFileReference; fileEncoding = 4; lastKnownFileType = sourcecode.swift; name = G00Const.swift; path = G00/G00Const.swift; sourceTree = "<group>"; };
		D70BCB572016EF1A00BCD90B /* G00AccountEditVC.swift */ = {isa = PBXFileReference; fileEncoding = 4; lastKnownFileType = sourcecode.swift; name = G00AccountEditVC.swift; path = G00/G00AccountEditVC.swift; sourceTree = "<group>"; };
		D70BCB582016EF1A00BCD90B /* G00AccountEditVC.xib */ = {isa = PBXFileReference; fileEncoding = 4; lastKnownFileType = file.xib; name = G00AccountEditVC.xib; path = G00/G00AccountEditVC.xib; sourceTree = "<group>"; };
		D70BCB592016EF1A00BCD90B /* G00AddressSelectVC.swift */ = {isa = PBXFileReference; fileEncoding = 4; lastKnownFileType = sourcecode.swift; name = G00AddressSelectVC.swift; path = G00/G00AddressSelectVC.swift; sourceTree = "<group>"; };
		D70BCB5A2016EF1A00BCD90B /* G00AddressSelectVC.xib */ = {isa = PBXFileReference; fileEncoding = 4; lastKnownFileType = file.xib; name = G00AddressSelectVC.xib; path = G00/G00AddressSelectVC.xib; sourceTree = "<group>"; };
		D78CD1612024B5BA00C70FAE /* G01F00S02VC.swift */ = {isa = PBXFileReference; fileEncoding = 4; lastKnownFileType = sourcecode.swift; name = G01F00S02VC.swift; path = G01/F00/G01F00S02VC.swift; sourceTree = "<group>"; };
		D78CD1622024B5BA00C70FAE /* G01F00S02VC.xib */ = {isa = PBXFileReference; fileEncoding = 4; lastKnownFileType = file.xib; name = G01F00S02VC.xib; path = G01/F00/G01F00S02VC.xib; sourceTree = "<group>"; };
		D78CD1652024B6B600C70FAE /* ConfigExtBean.swift */ = {isa = PBXFileReference; fileEncoding = 4; lastKnownFileType = sourcecode.swift; name = ConfigExtBean.swift; path = G01/Model/ConfigExtBean.swift; sourceTree = "<group>"; };
		D78CD1672024C0A900C70FAE /* CustomerInfoRespBean.swift */ = {isa = PBXFileReference; fileEncoding = 4; lastKnownFileType = sourcecode.swift; name = CustomerInfoRespBean.swift; path = G01/Model/CustomerInfoRespBean.swift; sourceTree = "<group>"; };
		D78CD1692024C45700C70FAE /* CustomerInfoRequest.swift */ = {isa = PBXFileReference; fileEncoding = 4; lastKnownFileType = sourcecode.swift; name = CustomerInfoRequest.swift; path = G01/API/CustomerInfoRequest.swift; sourceTree = "<group>"; };
		D78CD16B2024CC8D00C70FAE /* TreatmentBean.swift */ = {isa = PBXFileReference; fileEncoding = 4; lastKnownFileType = sourcecode.swift; name = TreatmentBean.swift; path = G01/Model/TreatmentBean.swift; sourceTree = "<group>"; };
		D7C73ACE20050787000B3CBC /* dental.app */ = {isa = PBXFileReference; explicitFileType = wrapper.application; includeInIndex = 0; path = dental.app; sourceTree = BUILT_PRODUCTS_DIR; };
		D7C73AD120050787000B3CBC /* AppDelegate.swift */ = {isa = PBXFileReference; lastKnownFileType = sourcecode.swift; path = AppDelegate.swift; sourceTree = "<group>"; };
		D7C73AD320050787000B3CBC /* ViewController.swift */ = {isa = PBXFileReference; lastKnownFileType = sourcecode.swift; path = ViewController.swift; sourceTree = "<group>"; };
		D7C73AD620050787000B3CBC /* Base */ = {isa = PBXFileReference; lastKnownFileType = file.storyboard; name = Base; path = Base.lproj/Main.storyboard; sourceTree = "<group>"; };
		D7C73AD820050787000B3CBC /* Assets.xcassets */ = {isa = PBXFileReference; lastKnownFileType = folder.assetcatalog; path = Assets.xcassets; sourceTree = "<group>"; };
		D7C73ADB20050787000B3CBC /* Base */ = {isa = PBXFileReference; lastKnownFileType = file.storyboard; name = Base; path = Base.lproj/LaunchScreen.storyboard; sourceTree = "<group>"; };
		D7C73ADD20050787000B3CBC /* Info.plist */ = {isa = PBXFileReference; lastKnownFileType = text.plist.xml; path = Info.plist; sourceTree = "<group>"; };
		D7C73AE320051127000B3CBC /* harpyframework.xcodeproj */ = {isa = PBXFileReference; lastKnownFileType = "wrapper.pb-project"; name = harpyframework.xcodeproj; path = ../../harpyframeworkChangeMenu/harpyframework/harpyframework.xcodeproj; sourceTree = "<group>"; };
		D7C73AF220051253000B3CBC /* BaseParentViewController.swift */ = {isa = PBXFileReference; fileEncoding = 4; lastKnownFileType = sourcecode.swift; name = BaseParentViewController.swift; path = Common/BaseParentViewController.swift; sourceTree = "<group>"; };
		D7C73AF72005131C000B3CBC /* G00HomeVC.swift */ = {isa = PBXFileReference; fileEncoding = 4; lastKnownFileType = sourcecode.swift; name = G00HomeVC.swift; path = G00/G00HomeVC.swift; sourceTree = "<group>"; };
		D7C73AF82005131C000B3CBC /* G00HomeVC.xib */ = {isa = PBXFileReference; fileEncoding = 4; lastKnownFileType = file.xib; name = G00HomeVC.xib; path = G00/G00HomeVC.xib; sourceTree = "<group>"; };
		D7C73AFC200513F3000B3CBC /* MenuVC.swift */ = {isa = PBXFileReference; fileEncoding = 4; lastKnownFileType = sourcecode.swift; name = MenuVC.swift; path = Common/Menu/MenuVC.swift; sourceTree = "<group>"; };
		D7C73AFD200513F3000B3CBC /* MenuVC.xib */ = {isa = PBXFileReference; fileEncoding = 4; lastKnownFileType = file.xib; name = MenuVC.xib; path = Common/Menu/MenuVC.xib; sourceTree = "<group>"; };
		D7C73B0220052071000B3CBC /* G00LoginExtVC.swift */ = {isa = PBXFileReference; fileEncoding = 4; lastKnownFileType = sourcecode.swift; name = G00LoginExtVC.swift; path = G00/G00LoginExtVC.swift; sourceTree = "<group>"; };
		D7C73B0320052071000B3CBC /* G00LoginExtVC.xib */ = {isa = PBXFileReference; fileEncoding = 4; lastKnownFileType = file.xib; name = G00LoginExtVC.xib; path = G00/G00LoginExtVC.xib; sourceTree = "<group>"; };
		D7C73B0720052B7F000B3CBC /* LoginBean.swift */ = {isa = PBXFileReference; fileEncoding = 4; lastKnownFileType = sourcecode.swift; name = LoginBean.swift; path = G00/Model/LoginBean.swift; sourceTree = "<group>"; };
		D7C73B0920052C94000B3CBC /* LoginRespBean.swift */ = {isa = PBXFileReference; fileEncoding = 4; lastKnownFileType = sourcecode.swift; name = LoginRespBean.swift; path = G00/Model/LoginRespBean.swift; sourceTree = "<group>"; };
		D7FF1FB92024224400C2DF28 /* G01F00S01VC.swift */ = {isa = PBXFileReference; fileEncoding = 4; lastKnownFileType = sourcecode.swift; name = G01F00S01VC.swift; path = G01/F00/G01F00S01VC.swift; sourceTree = "<group>"; };
		D7FF1FBA2024224400C2DF28 /* G01F00S01VC.xib */ = {isa = PBXFileReference; fileEncoding = 4; lastKnownFileType = file.xib; name = G01F00S01VC.xib; path = G01/F00/G01F00S01VC.xib; sourceTree = "<group>"; };
		D7FF1FBE2024228F00C2DF28 /* CustomerListRespBean.swift */ = {isa = PBXFileReference; fileEncoding = 4; lastKnownFileType = sourcecode.swift; name = CustomerListRespBean.swift; path = G01/Model/CustomerListRespBean.swift; sourceTree = "<group>"; };
		D7FF1FC02024230100C2DF28 /* CustomerListBean.swift */ = {isa = PBXFileReference; fileEncoding = 4; lastKnownFileType = sourcecode.swift; name = CustomerListBean.swift; path = G01/Model/CustomerListBean.swift; sourceTree = "<group>"; };
		D7FF1FC42024245700C2DF28 /* CustomerBean.swift */ = {isa = PBXFileReference; fileEncoding = 4; lastKnownFileType = sourcecode.swift; name = CustomerBean.swift; path = G01/Model/CustomerBean.swift; sourceTree = "<group>"; };
		D7FF1FC7202426F600C2DF28 /* CustomerListRequest.swift */ = {isa = PBXFileReference; fileEncoding = 4; lastKnownFileType = sourcecode.swift; name = CustomerListRequest.swift; path = G01/API/CustomerListRequest.swift; sourceTree = "<group>"; };
		D7FF1FC9202427AC00C2DF28 /* G01Const.swift */ = {isa = PBXFileReference; fileEncoding = 4; lastKnownFileType = sourcecode.swift; name = G01Const.swift; path = G01/G01Const.swift; sourceTree = "<group>"; };
/* End PBXFileReference section */

/* Begin PBXFrameworksBuildPhase section */
		D7C73ACB20050786000B3CBC /* Frameworks */ = {
			isa = PBXFrameworksBuildPhase;
			buildActionMask = 2147483647;
			files = (
				D7C73AEC20051133000B3CBC /* harpyframework.framework in Frameworks */,
			);
			runOnlyForDeploymentPostprocessing = 0;
		};
/* End PBXFrameworksBuildPhase section */

/* Begin PBXGroup section */
		D70BCB4120164A8200BCD90B /* Images */ = {
			isa = PBXGroup;
			children = (
				D70BCB4220164A9100BCD90B /* logo_main.png */,
			);
			name = Images;
			sourceTree = "<group>";
		};
		D70BCB522016EE7300BCD90B /* API */ = {
			isa = PBXGroup;
			children = (
				D70BCB532016EE7D00BCD90B /* ChangeProfileRequest.swift */,
			);
			name = API;
			sourceTree = "<group>";
		};
		D7C73AC520050786000B3CBC = {
			isa = PBXGroup;
			children = (
				D7C73AE320051127000B3CBC /* harpyframework.xcodeproj */,
				D7C73AD020050787000B3CBC /* dental */,
				D7C73ACF20050787000B3CBC /* Products */,
			);
			sourceTree = "<group>";
		};
		D7C73ACF20050787000B3CBC /* Products */ = {
			isa = PBXGroup;
			children = (
				D7C73ACE20050787000B3CBC /* dental.app */,
			);
			name = Products;
			sourceTree = "<group>";
		};
		D7C73AD020050787000B3CBC /* dental */ = {
			isa = PBXGroup;
			children = (
				D7C73AF6200512A8000B3CBC /* G00 */,
				D7FF1FB62024218E00C2DF28 /* G01 */,
				D7C73AF12005122E000B3CBC /* Common */,
				D7C73AD120050787000B3CBC /* AppDelegate.swift */,
				D7C73AD320050787000B3CBC /* ViewController.swift */,
				D7C73AD520050787000B3CBC /* Main.storyboard */,
				D7C73AD820050787000B3CBC /* Assets.xcassets */,
				D7C73ADA20050787000B3CBC /* LaunchScreen.storyboard */,
				D7C73ADD20050787000B3CBC /* Info.plist */,
			);
			path = dental;
			sourceTree = "<group>";
		};
		D7C73AE420051127000B3CBC /* Products */ = {
			isa = PBXGroup;
			children = (
				D7C73AE920051128000B3CBC /* harpyframework.framework */,
				D7C73AEB20051128000B3CBC /* harpyframeworkTests.xctest */,
			);
			name = Products;
			sourceTree = "<group>";
		};
		D7C73AF12005122E000B3CBC /* Common */ = {
			isa = PBXGroup;
			children = (
				D70BCB4120164A8200BCD90B /* Images */,
				D7C73AFB200513DE000B3CBC /* Menu */,
				D7C73AF220051253000B3CBC /* BaseParentViewController.swift */,
			);
			name = Common;
			sourceTree = "<group>";
		};
		D7C73AF6200512A8000B3CBC /* G00 */ = {
			isa = PBXGroup;
			children = (
				D70BCB572016EF1A00BCD90B /* G00AccountEditVC.swift */,
				D70BCB582016EF1A00BCD90B /* G00AccountEditVC.xib */,
				D70BCB592016EF1A00BCD90B /* G00AddressSelectVC.swift */,
				D70BCB5A2016EF1A00BCD90B /* G00AddressSelectVC.xib */,
				D70BCB552016EEA700BCD90B /* G00Const.swift */,
				D70BCB522016EE7300BCD90B /* API */,
				D7C73B0620052B51000B3CBC /* Model */,
				D70BCB482016E99100BCD90B /* G00AccountExtVC.swift */,
				D70BCB492016E99100BCD90B /* G00AccountExtVC.xib */,
				D7C73B0220052071000B3CBC /* G00LoginExtVC.swift */,
				D7C73B0320052071000B3CBC /* G00LoginExtVC.xib */,
				D7C73AF72005131C000B3CBC /* G00HomeVC.swift */,
				D7C73AF82005131C000B3CBC /* G00HomeVC.xib */,
			);
			name = G00;
			sourceTree = "<group>";
		};
		D7C73AFB200513DE000B3CBC /* Menu */ = {
			isa = PBXGroup;
			children = (
				D7C73AFC200513F3000B3CBC /* MenuVC.swift */,
				D7C73AFD200513F3000B3CBC /* MenuVC.xib */,
			);
			name = Menu;
			sourceTree = "<group>";
		};
		D7C73B0620052B51000B3CBC /* Model */ = {
			isa = PBXGroup;
			children = (
				D7C73B0720052B7F000B3CBC /* LoginBean.swift */,
				D7C73B0920052C94000B3CBC /* LoginRespBean.swift */,
			);
			name = Model;
			sourceTree = "<group>";
		};
		D7FF1FB62024218E00C2DF28 /* G01 */ = {
			isa = PBXGroup;
			children = (
				D7FF1FC9202427AC00C2DF28 /* G01Const.swift */,
				D7FF1FC6202426DF00C2DF28 /* API */,
				D7FF1FBD2024227500C2DF28 /* Model */,
				D7FF1FB8202421D500C2DF28 /* F00 */,
			);
			name = G01;
			sourceTree = "<group>";
		};
		D7FF1FB8202421D500C2DF28 /* F00 */ = {
			isa = PBXGroup;
			children = (
				D7FF1FB92024224400C2DF28 /* G01F00S01VC.swift */,
				D7FF1FBA2024224400C2DF28 /* G01F00S01VC.xib */,
				D78CD1612024B5BA00C70FAE /* G01F00S02VC.swift */,
				D78CD1622024B5BA00C70FAE /* G01F00S02VC.xib */,
			);
			name = F00;
			sourceTree = "<group>";
		};
		D7FF1FBD2024227500C2DF28 /* Model */ = {
			isa = PBXGroup;
			children = (
				D7FF1FBE2024228F00C2DF28 /* CustomerListRespBean.swift */,
				D7FF1FC02024230100C2DF28 /* CustomerListBean.swift */,
				D7FF1FC42024245700C2DF28 /* CustomerBean.swift */,
				D78CD1652024B6B600C70FAE /* ConfigExtBean.swift */,
				D78CD1672024C0A900C70FAE /* CustomerInfoRespBean.swift */,
				D78CD16B2024CC8D00C70FAE /* TreatmentBean.swift */,
			);
			name = Model;
			sourceTree = "<group>";
		};
		D7FF1FC6202426DF00C2DF28 /* API */ = {
			isa = PBXGroup;
			children = (
				D7FF1FC7202426F600C2DF28 /* CustomerListRequest.swift */,
				D78CD1692024C45700C70FAE /* CustomerInfoRequest.swift */,
			);
			name = API;
			sourceTree = "<group>";
		};
/* End PBXGroup section */

/* Begin PBXNativeTarget section */
		D7C73ACD20050786000B3CBC /* dental */ = {
			isa = PBXNativeTarget;
			buildConfigurationList = D7C73AE020050787000B3CBC /* Build configuration list for PBXNativeTarget "dental" */;
			buildPhases = (
				D7C73ACA20050786000B3CBC /* Sources */,
				D7C73ACB20050786000B3CBC /* Frameworks */,
				D7C73ACC20050786000B3CBC /* Resources */,
				D7C73AF020051133000B3CBC /* Embed Frameworks */,
			);
			buildRules = (
			);
			dependencies = (
				D7C73AEF20051133000B3CBC /* PBXTargetDependency */,
			);
			name = dental;
			productName = dental;
			productReference = D7C73ACE20050787000B3CBC /* dental.app */;
			productType = "com.apple.product-type.application";
		};
/* End PBXNativeTarget section */

/* Begin PBXProject section */
		D7C73AC620050786000B3CBC /* Project object */ = {
			isa = PBXProject;
			attributes = {
				LastSwiftUpdateCheck = 0820;
				LastUpgradeCheck = 0820;
				ORGANIZATIONNAME = SPJ;
				TargetAttributes = {
					D7C73ACD20050786000B3CBC = {
						CreatedOnToolsVersion = 8.2.1;
						DevelopmentTeam = PZV5YS9B34;
						ProvisioningStyle = Automatic;
					};
				};
			};
			buildConfigurationList = D7C73AC920050786000B3CBC /* Build configuration list for PBXProject "dental" */;
			compatibilityVersion = "Xcode 3.2";
			developmentRegion = English;
			hasScannedForEncodings = 0;
			knownRegions = (
				en,
				Base,
			);
			mainGroup = D7C73AC520050786000B3CBC;
			productRefGroup = D7C73ACF20050787000B3CBC /* Products */;
			projectDirPath = "";
			projectReferences = (
				{
					ProductGroup = D7C73AE420051127000B3CBC /* Products */;
					ProjectRef = D7C73AE320051127000B3CBC /* harpyframework.xcodeproj */;
				},
			);
			projectRoot = "";
			targets = (
				D7C73ACD20050786000B3CBC /* dental */,
			);
		};
/* End PBXProject section */

/* Begin PBXReferenceProxy section */
		D7C73AE920051128000B3CBC /* harpyframework.framework */ = {
			isa = PBXReferenceProxy;
			fileType = wrapper.framework;
			path = harpyframework.framework;
			remoteRef = D7C73AE820051128000B3CBC /* PBXContainerItemProxy */;
			sourceTree = BUILT_PRODUCTS_DIR;
		};
		D7C73AEB20051128000B3CBC /* harpyframeworkTests.xctest */ = {
			isa = PBXReferenceProxy;
			fileType = wrapper.cfbundle;
			path = harpyframeworkTests.xctest;
			remoteRef = D7C73AEA20051128000B3CBC /* PBXContainerItemProxy */;
			sourceTree = BUILT_PRODUCTS_DIR;
		};
/* End PBXReferenceProxy section */

/* Begin PBXResourcesBuildPhase section */
		D7C73ACC20050786000B3CBC /* Resources */ = {
			isa = PBXResourcesBuildPhase;
			buildActionMask = 2147483647;
			files = (
				D7C73B0520052071000B3CBC /* G00LoginExtVC.xib in Resources */,
				D70BCB4F2016E99100BCD90B /* G00AccountExtVC.xib in Resources */,
				D7C73ADC20050787000B3CBC /* LaunchScreen.storyboard in Resources */,
				D7FF1FBC2024224400C2DF28 /* G01F00S01VC.xib in Resources */,
				D7C73AD920050787000B3CBC /* Assets.xcassets in Resources */,
				D7C73AD720050787000B3CBC /* Main.storyboard in Resources */,
				D70BCB4320164A9100BCD90B /* logo_main.png in Resources */,
				D7C73AFA2005131C000B3CBC /* G00HomeVC.xib in Resources */,
				D78CD1642024B5BA00C70FAE /* G01F00S02VC.xib in Resources */,
				D70BCB5E2016EF1A00BCD90B /* G00AddressSelectVC.xib in Resources */,
				D70BCB5C2016EF1A00BCD90B /* G00AccountEditVC.xib in Resources */,
				D7C73AFF200513F3000B3CBC /* MenuVC.xib in Resources */,
			);
			runOnlyForDeploymentPostprocessing = 0;
		};
/* End PBXResourcesBuildPhase section */

/* Begin PBXSourcesBuildPhase section */
		D7C73ACA20050786000B3CBC /* Sources */ = {
			isa = PBXSourcesBuildPhase;
			buildActionMask = 2147483647;
			files = (
				D78CD1632024B5BA00C70FAE /* G01F00S02VC.swift in Sources */,
				D70BCB5B2016EF1A00BCD90B /* G00AccountEditVC.swift in Sources */,
				D7FF1FBB2024224400C2DF28 /* G01F00S01VC.swift in Sources */,
				D7C73AD420050787000B3CBC /* ViewController.swift in Sources */,
				D7C73AD220050787000B3CBC /* AppDelegate.swift in Sources */,
				D7FF1FC52024245700C2DF28 /* CustomerBean.swift in Sources */,
				D70BCB4E2016E99100BCD90B /* G00AccountExtVC.swift in Sources */,
				D78CD1682024C0A900C70FAE /* CustomerInfoRespBean.swift in Sources */,
				D78CD16C2024CC8D00C70FAE /* TreatmentBean.swift in Sources */,
				D7FF1FC12024230100C2DF28 /* CustomerListBean.swift in Sources */,
				D70BCB5D2016EF1A00BCD90B /* G00AddressSelectVC.swift in Sources */,
				D7FF1FCA202427AC00C2DF28 /* G01Const.swift in Sources */,
				D70BCB542016EE7D00BCD90B /* ChangeProfileRequest.swift in Sources */,
				D7C73AF320051253000B3CBC /* BaseParentViewController.swift in Sources */,
				D7C73AF92005131C000B3CBC /* G00HomeVC.swift in Sources */,
				D7FF1FC8202426F600C2DF28 /* CustomerListRequest.swift in Sources */,
				D7C73B0420052071000B3CBC /* G00LoginExtVC.swift in Sources */,
				D7C73AFE200513F3000B3CBC /* MenuVC.swift in Sources */,
				D7C73B0820052B7F000B3CBC /* LoginBean.swift in Sources */,
				D7C73B0A20052C94000B3CBC /* LoginRespBean.swift in Sources */,
				D7FF1FBF2024228F00C2DF28 /* CustomerListRespBean.swift in Sources */,
				D78CD1662024B6B600C70FAE /* ConfigExtBean.swift in Sources */,
				D70BCB562016EEA700BCD90B /* G00Const.swift in Sources */,
				D78CD16A2024C45700C70FAE /* CustomerInfoRequest.swift in Sources */,
			);
			runOnlyForDeploymentPostprocessing = 0;
		};
/* End PBXSourcesBuildPhase section */

/* Begin PBXTargetDependency section */
		D7C73AEF20051133000B3CBC /* PBXTargetDependency */ = {
			isa = PBXTargetDependency;
			name = harpyframework;
			targetProxy = D7C73AEE20051133000B3CBC /* PBXContainerItemProxy */;
		};
/* End PBXTargetDependency section */

/* Begin PBXVariantGroup section */
		D7C73AD520050787000B3CBC /* Main.storyboard */ = {
			isa = PBXVariantGroup;
			children = (
				D7C73AD620050787000B3CBC /* Base */,
			);
			name = Main.storyboard;
			sourceTree = "<group>";
		};
		D7C73ADA20050787000B3CBC /* LaunchScreen.storyboard */ = {
			isa = PBXVariantGroup;
			children = (
				D7C73ADB20050787000B3CBC /* Base */,
			);
			name = LaunchScreen.storyboard;
			sourceTree = "<group>";
		};
/* End PBXVariantGroup section */

/* Begin XCBuildConfiguration section */
		D7C73ADE20050787000B3CBC /* Debug */ = {
			isa = XCBuildConfiguration;
			buildSettings = {
				ALWAYS_SEARCH_USER_PATHS = NO;
				CLANG_ANALYZER_NONNULL = YES;
				CLANG_CXX_LANGUAGE_STANDARD = "gnu++0x";
				CLANG_CXX_LIBRARY = "libc++";
				CLANG_ENABLE_MODULES = YES;
				CLANG_ENABLE_OBJC_ARC = YES;
				CLANG_WARN_BOOL_CONVERSION = YES;
				CLANG_WARN_CONSTANT_CONVERSION = YES;
				CLANG_WARN_DIRECT_OBJC_ISA_USAGE = YES_ERROR;
				CLANG_WARN_DOCUMENTATION_COMMENTS = YES;
				CLANG_WARN_EMPTY_BODY = YES;
				CLANG_WARN_ENUM_CONVERSION = YES;
				CLANG_WARN_INFINITE_RECURSION = YES;
				CLANG_WARN_INT_CONVERSION = YES;
				CLANG_WARN_OBJC_ROOT_CLASS = YES_ERROR;
				CLANG_WARN_SUSPICIOUS_MOVE = YES;
				CLANG_WARN_UNREACHABLE_CODE = YES;
				CLANG_WARN__DUPLICATE_METHOD_MATCH = YES;
				"CODE_SIGN_IDENTITY[sdk=iphoneos*]" = "iPhone Developer";
				COPY_PHASE_STRIP = NO;
				DEBUG_INFORMATION_FORMAT = dwarf;
				ENABLE_STRICT_OBJC_MSGSEND = YES;
				ENABLE_TESTABILITY = YES;
				GCC_C_LANGUAGE_STANDARD = gnu99;
				GCC_DYNAMIC_NO_PIC = NO;
				GCC_NO_COMMON_BLOCKS = YES;
				GCC_OPTIMIZATION_LEVEL = 0;
				GCC_PREPROCESSOR_DEFINITIONS = (
					"DEBUG=1",
					"$(inherited)",
				);
				GCC_WARN_64_TO_32_BIT_CONVERSION = YES;
				GCC_WARN_ABOUT_RETURN_TYPE = YES_ERROR;
				GCC_WARN_UNDECLARED_SELECTOR = YES;
				GCC_WARN_UNINITIALIZED_AUTOS = YES_AGGRESSIVE;
				GCC_WARN_UNUSED_FUNCTION = YES;
				GCC_WARN_UNUSED_VARIABLE = YES;
				IPHONEOS_DEPLOYMENT_TARGET = 10.2;
				MTL_ENABLE_DEBUG_INFO = YES;
				ONLY_ACTIVE_ARCH = YES;
				SDKROOT = iphoneos;
				SWIFT_ACTIVE_COMPILATION_CONDITIONS = DEBUG;
				SWIFT_OPTIMIZATION_LEVEL = "-Onone";
				TARGETED_DEVICE_FAMILY = "1,2";
			};
			name = Debug;
		};
		D7C73ADF20050787000B3CBC /* Release */ = {
			isa = XCBuildConfiguration;
			buildSettings = {
				ALWAYS_SEARCH_USER_PATHS = NO;
				CLANG_ANALYZER_NONNULL = YES;
				CLANG_CXX_LANGUAGE_STANDARD = "gnu++0x";
				CLANG_CXX_LIBRARY = "libc++";
				CLANG_ENABLE_MODULES = YES;
				CLANG_ENABLE_OBJC_ARC = YES;
				CLANG_WARN_BOOL_CONVERSION = YES;
				CLANG_WARN_CONSTANT_CONVERSION = YES;
				CLANG_WARN_DIRECT_OBJC_ISA_USAGE = YES_ERROR;
				CLANG_WARN_DOCUMENTATION_COMMENTS = YES;
				CLANG_WARN_EMPTY_BODY = YES;
				CLANG_WARN_ENUM_CONVERSION = YES;
				CLANG_WARN_INFINITE_RECURSION = YES;
				CLANG_WARN_INT_CONVERSION = YES;
				CLANG_WARN_OBJC_ROOT_CLASS = YES_ERROR;
				CLANG_WARN_SUSPICIOUS_MOVE = YES;
				CLANG_WARN_UNREACHABLE_CODE = YES;
				CLANG_WARN__DUPLICATE_METHOD_MATCH = YES;
				"CODE_SIGN_IDENTITY[sdk=iphoneos*]" = "iPhone Developer";
				COPY_PHASE_STRIP = NO;
				DEBUG_INFORMATION_FORMAT = "dwarf-with-dsym";
				ENABLE_NS_ASSERTIONS = NO;
				ENABLE_STRICT_OBJC_MSGSEND = YES;
				GCC_C_LANGUAGE_STANDARD = gnu99;
				GCC_NO_COMMON_BLOCKS = YES;
				GCC_WARN_64_TO_32_BIT_CONVERSION = YES;
				GCC_WARN_ABOUT_RETURN_TYPE = YES_ERROR;
				GCC_WARN_UNDECLARED_SELECTOR = YES;
				GCC_WARN_UNINITIALIZED_AUTOS = YES_AGGRESSIVE;
				GCC_WARN_UNUSED_FUNCTION = YES;
				GCC_WARN_UNUSED_VARIABLE = YES;
				IPHONEOS_DEPLOYMENT_TARGET = 10.2;
				MTL_ENABLE_DEBUG_INFO = NO;
				SDKROOT = iphoneos;
				SWIFT_OPTIMIZATION_LEVEL = "-Owholemodule";
				TARGETED_DEVICE_FAMILY = "1,2";
				VALIDATE_PRODUCT = YES;
			};
			name = Release;
		};
		D7C73AE120050787000B3CBC /* Debug */ = {
			isa = XCBuildConfiguration;
			buildSettings = {
				ALWAYS_EMBED_SWIFT_STANDARD_LIBRARIES = YES;
				ASSETCATALOG_COMPILER_APPICON_NAME = AppIcon;
				DEVELOPMENT_TEAM = PZV5YS9B34;
				INFOPLIST_FILE = dental/Info.plist;
				IPHONEOS_DEPLOYMENT_TARGET = 8.0;
				LD_RUNPATH_SEARCH_PATHS = "$(inherited) @executable_path/Frameworks";
				PRODUCT_BUNDLE_IDENTIFIER = com.immortal.vietmy.dental;
				PRODUCT_NAME = "$(TARGET_NAME)";
				SWIFT_VERSION = 3.0;
			};
			name = Debug;
		};
		D7C73AE220050787000B3CBC /* Release */ = {
			isa = XCBuildConfiguration;
			buildSettings = {
				ALWAYS_EMBED_SWIFT_STANDARD_LIBRARIES = YES;
				ASSETCATALOG_COMPILER_APPICON_NAME = AppIcon;
				DEVELOPMENT_TEAM = PZV5YS9B34;
				INFOPLIST_FILE = dental/Info.plist;
				IPHONEOS_DEPLOYMENT_TARGET = 8.0;
				LD_RUNPATH_SEARCH_PATHS = "$(inherited) @executable_path/Frameworks";
				PRODUCT_BUNDLE_IDENTIFIER = com.immortal.vietmy.dental;
				PRODUCT_NAME = "$(TARGET_NAME)";
				SWIFT_VERSION = 3.0;
			};
			name = Release;
		};
/* End XCBuildConfiguration section */

/* Begin XCConfigurationList section */
		D7C73AC920050786000B3CBC /* Build configuration list for PBXProject "dental" */ = {
			isa = XCConfigurationList;
			buildConfigurations = (
				D7C73ADE20050787000B3CBC /* Debug */,
				D7C73ADF20050787000B3CBC /* Release */,
			);
			defaultConfigurationIsVisible = 0;
			defaultConfigurationName = Release;
		};
		D7C73AE020050787000B3CBC /* Build configuration list for PBXNativeTarget "dental" */ = {
			isa = XCConfigurationList;
			buildConfigurations = (
				D7C73AE120050787000B3CBC /* Debug */,
				D7C73AE220050787000B3CBC /* Release */,
			);
			defaultConfigurationIsVisible = 0;
			defaultConfigurationName = Release;
		};
/* End XCConfigurationList section */
	};
	rootObject = D7C73AC620050786000B3CBC /* Project object */;
}
